// !$*UTF8*$!
{
	archiveVersion = 1;
	classes = {
	};
	objectVersion = 46;
	objects = {

/* Begin PBXBuildFile section */
		240ED40B1942EC0900A8E300 /* RBURLValidator.m in Sources */ = {isa = PBXBuildFile; fileRef = 240ED40A1942EC0900A8E300 /* RBURLValidator.m */; };
		240ED40D1942ECE000A8E300 /* RBURLValidatorTests.m in Sources */ = {isa = PBXBuildFile; fileRef = 240ED40C1942ECE000A8E300 /* RBURLValidatorTests.m */; };
		240ED41A1942FC9E00A8E300 /* RBRedditFeedManager.m in Sources */ = {isa = PBXBuildFile; fileRef = 240ED4191942FC9E00A8E300 /* RBRedditFeedManager.m */; };
		240ED41D1942FD1C00A8E300 /* RBRedditFeedManagerTests.m in Sources */ = {isa = PBXBuildFile; fileRef = 240ED41B1942FD1400A8E300 /* RBRedditFeedManagerTests.m */; };
		240ED421194400B000A8E300 /* RBPersistenceService.m in Sources */ = {isa = PBXBuildFile; fileRef = 240ED420194400B000A8E300 /* RBPersistenceService.m */; };
		240ED423194400C300A8E300 /* RBDataServiceTests.m in Sources */ = {isa = PBXBuildFile; fileRef = 240ED422194400C300A8E300 /* RBDataServiceTests.m */; };
		240ED4251944155300A8E300 /* ListenToThis.json in Resources */ = {isa = PBXBuildFile; fileRef = 240ED4241944155300A8E300 /* ListenToThis.json */; };
		240ED4291944163500A8E300 /* RBRedditItem.m in Sources */ = {isa = PBXBuildFile; fileRef = 240ED4281944163500A8E300 /* RBRedditItem.m */; };
		240ED42B19441A2700A8E300 /* RBRedditItemTests.m in Sources */ = {isa = PBXBuildFile; fileRef = 240ED42A19441A2700A8E300 /* RBRedditItemTests.m */; };
		244296DF193DA18000207CAF /* Foundation.framework in Frameworks */ = {isa = PBXBuildFile; fileRef = 244296DE193DA18000207CAF /* Foundation.framework */; };
		244296E1193DA18000207CAF /* CoreGraphics.framework in Frameworks */ = {isa = PBXBuildFile; fileRef = 244296E0193DA18000207CAF /* CoreGraphics.framework */; };
		244296E3193DA18000207CAF /* UIKit.framework in Frameworks */ = {isa = PBXBuildFile; fileRef = 244296E2193DA18000207CAF /* UIKit.framework */; };
		244296F8193DA18000207CAF /* XCTest.framework in Frameworks */ = {isa = PBXBuildFile; fileRef = 244296F7193DA18000207CAF /* XCTest.framework */; };
		244296F9193DA18000207CAF /* Foundation.framework in Frameworks */ = {isa = PBXBuildFile; fileRef = 244296DE193DA18000207CAF /* Foundation.framework */; };
		244296FA193DA18000207CAF /* UIKit.framework in Frameworks */ = {isa = PBXBuildFile; fileRef = 244296E2193DA18000207CAF /* UIKit.framework */; };
		24429720193DA20E00207CAF /* InfoPlist.strings in Resources */ = {isa = PBXBuildFile; fileRef = 24429713193DA20E00207CAF /* InfoPlist.strings */; };
		24429721193DA20E00207CAF /* RedditBrowserTests-InfoPlist.strings in Resources */ = {isa = PBXBuildFile; fileRef = 24429715193DA20E00207CAF /* RedditBrowserTests-InfoPlist.strings */; };
		24429722193DA20E00207CAF /* RBAppDelegate.m in Sources */ = {isa = PBXBuildFile; fileRef = 2442971A193DA20E00207CAF /* RBAppDelegate.m */; };
		24429723193DA20E00207CAF /* main.m in Sources */ = {isa = PBXBuildFile; fileRef = 2442971C193DA20E00207CAF /* main.m */; };
		24429726193DA22A00207CAF /* Images.xcassets in Resources */ = {isa = PBXBuildFile; fileRef = 24429725193DA22A00207CAF /* Images.xcassets */; };
		244D5A5919416DF400DD151E /* RBNetworkService.m in Sources */ = {isa = PBXBuildFile; fileRef = 244D5A4A19416DF400DD151E /* RBNetworkService.m */; };
		244D5A5A19416DF400DD151E /* RBSubredditModel.m in Sources */ = {isa = PBXBuildFile; fileRef = 244D5A4E19416DF400DD151E /* RBSubredditModel.m */; };
		244D5A5C19416DF400DD151E /* RBSubredditRouter.m in Sources */ = {isa = PBXBuildFile; fileRef = 244D5A5119416DF400DD151E /* RBSubredditRouter.m */; };
		244D5A5E19416DF400DD151E /* RBSubredditTableViewCell.m in Sources */ = {isa = PBXBuildFile; fileRef = 244D5A5419416DF400DD151E /* RBSubredditTableViewCell.m */; };
		244D5A5F19416DF400DD151E /* RBSubredditView.m in Sources */ = {isa = PBXBuildFile; fileRef = 244D5A5619416DF400DD151E /* RBSubredditView.m */; };
		244D5A6019416DF400DD151E /* RBSubredditViewController.m in Sources */ = {isa = PBXBuildFile; fileRef = 244D5A5819416DF400DD151E /* RBSubredditViewController.m */; };
		244D5A6119416DFD00DD151E /* RBSubredditModelTests.m in Sources */ = {isa = PBXBuildFile; fileRef = 244D5A4F19416DF400DD151E /* RBSubredditModelTests.m */; };
		244D5A6219416E0000DD151E /* RBSubredditRouterTests.m in Sources */ = {isa = PBXBuildFile; fileRef = 244D5A5219416DF400DD151E /* RBSubredditRouterTests.m */; };
		244D5A6419416E5400DD151E /* RBNetworkServiceTests.m in Sources */ = {isa = PBXBuildFile; fileRef = 244D5A6319416E5400DD151E /* RBNetworkServiceTests.m */; };
		244D5A721941FF7100DD151E /* XCTestCase+ASYAsynchronousTesting.m in Sources */ = {isa = PBXBuildFile; fileRef = 244D5A6F1941FF6D00DD151E /* XCTestCase+ASYAsynchronousTesting.m */; };
		244D5A731941FF7700DD151E /* ASYMacros.m in Sources */ = {isa = PBXBuildFile; fileRef = 244D5A6B1941FF6D00DD151E /* ASYMacros.m */; };
		24A50FB3194562CD00F148EE /* RedditBrowserDataModel.xcdatamodeld in Sources */ = {isa = PBXBuildFile; fileRef = 24A50FB1194562CD00F148EE /* RedditBrowserDataModel.xcdatamodeld */; };
		24BD45CE1945637700665551 /* RedditItemEntity.m in Sources */ = {isa = PBXBuildFile; fileRef = 24BD45CD1945637700665551 /* RedditItemEntity.m */; };
		24C42C7F193DC9C30082BD27 /* Localizable.strings in Resources */ = {isa = PBXBuildFile; fileRef = 24C42C7D193DC9C30082BD27 /* Localizable.strings */; };
		48781F28E5D24BFB9D7A1311 /* libPods-RedditBrowserTests.a in Frameworks */ = {isa = PBXBuildFile; fileRef = D1E8E49EA977433B9132FDD5 /* libPods-RedditBrowserTests.a */; };
		6E3416FEE40B4455B09BB618 /* libPods.a in Frameworks */ = {isa = PBXBuildFile; fileRef = D56D34C235B040C5B09B2F34 /* libPods.a */; };
/* End PBXBuildFile section */

/* Begin PBXContainerItemProxy section */
		244296FB193DA18000207CAF /* PBXContainerItemProxy */ = {
			isa = PBXContainerItemProxy;
			containerPortal = 244296D3193DA18000207CAF /* Project object */;
			proxyType = 1;
			remoteGlobalIDString = 244296DA193DA18000207CAF;
			remoteInfo = RedditBrowser;
		};
/* End PBXContainerItemProxy section */

/* Begin PBXFileReference section */
		240ED4091942EC0900A8E300 /* RBURLValidator.h */ = {isa = PBXFileReference; fileEncoding = 4; lastKnownFileType = sourcecode.c.h; path = RBURLValidator.h; sourceTree = "<group>"; };
		240ED40A1942EC0900A8E300 /* RBURLValidator.m */ = {isa = PBXFileReference; fileEncoding = 4; lastKnownFileType = sourcecode.c.objc; path = RBURLValidator.m; sourceTree = "<group>"; };
		240ED40C1942ECE000A8E300 /* RBURLValidatorTests.m */ = {isa = PBXFileReference; fileEncoding = 4; lastKnownFileType = sourcecode.c.objc; path = RBURLValidatorTests.m; sourceTree = "<group>"; };
		240ED4181942FC9E00A8E300 /* RBRedditFeedManager.h */ = {isa = PBXFileReference; fileEncoding = 4; lastKnownFileType = sourcecode.c.h; path = RBRedditFeedManager.h; sourceTree = "<group>"; };
		240ED4191942FC9E00A8E300 /* RBRedditFeedManager.m */ = {isa = PBXFileReference; fileEncoding = 4; lastKnownFileType = sourcecode.c.objc; path = RBRedditFeedManager.m; sourceTree = "<group>"; };
		240ED41B1942FD1400A8E300 /* RBRedditFeedManagerTests.m */ = {isa = PBXFileReference; fileEncoding = 4; lastKnownFileType = sourcecode.c.objc; path = RBRedditFeedManagerTests.m; sourceTree = "<group>"; };
		240ED41F194400B000A8E300 /* RBPersistenceService.h */ = {isa = PBXFileReference; fileEncoding = 4; lastKnownFileType = sourcecode.c.h; path = RBPersistenceService.h; sourceTree = "<group>"; };
		240ED420194400B000A8E300 /* RBPersistenceService.m */ = {isa = PBXFileReference; fileEncoding = 4; lastKnownFileType = sourcecode.c.objc; path = RBPersistenceService.m; sourceTree = "<group>"; };
		240ED422194400C300A8E300 /* RBDataServiceTests.m */ = {isa = PBXFileReference; fileEncoding = 4; lastKnownFileType = sourcecode.c.objc; path = RBDataServiceTests.m; sourceTree = "<group>"; };
		240ED4241944155300A8E300 /* ListenToThis.json */ = {isa = PBXFileReference; fileEncoding = 4; lastKnownFileType = text.json; path = ListenToThis.json; sourceTree = "<group>"; };
		240ED4271944163500A8E300 /* RBRedditItem.h */ = {isa = PBXFileReference; fileEncoding = 4; lastKnownFileType = sourcecode.c.h; path = RBRedditItem.h; sourceTree = "<group>"; };
		240ED4281944163500A8E300 /* RBRedditItem.m */ = {isa = PBXFileReference; fileEncoding = 4; lastKnownFileType = sourcecode.c.objc; path = RBRedditItem.m; sourceTree = "<group>"; };
		240ED42A19441A2700A8E300 /* RBRedditItemTests.m */ = {isa = PBXFileReference; fileEncoding = 4; lastKnownFileType = sourcecode.c.objc; path = RBRedditItemTests.m; sourceTree = "<group>"; };
		244296DB193DA18000207CAF /* RedditBrowser.app */ = {isa = PBXFileReference; explicitFileType = wrapper.application; includeInIndex = 0; path = RedditBrowser.app; sourceTree = BUILT_PRODUCTS_DIR; };
		244296DE193DA18000207CAF /* Foundation.framework */ = {isa = PBXFileReference; lastKnownFileType = wrapper.framework; name = Foundation.framework; path = System/Library/Frameworks/Foundation.framework; sourceTree = SDKROOT; };
		244296E0193DA18000207CAF /* CoreGraphics.framework */ = {isa = PBXFileReference; lastKnownFileType = wrapper.framework; name = CoreGraphics.framework; path = System/Library/Frameworks/CoreGraphics.framework; sourceTree = SDKROOT; };
		244296E2193DA18000207CAF /* UIKit.framework */ = {isa = PBXFileReference; lastKnownFileType = wrapper.framework; name = UIKit.framework; path = System/Library/Frameworks/UIKit.framework; sourceTree = SDKROOT; };
		244296F6193DA18000207CAF /* RedditBrowserTests.xctest */ = {isa = PBXFileReference; explicitFileType = wrapper.cfbundle; includeInIndex = 0; path = RedditBrowserTests.xctest; sourceTree = BUILT_PRODUCTS_DIR; };
		244296F7193DA18000207CAF /* XCTest.framework */ = {isa = PBXFileReference; lastKnownFileType = wrapper.framework; name = XCTest.framework; path = Library/Frameworks/XCTest.framework; sourceTree = DEVELOPER_DIR; };
		24429710193DA20E00207CAF /* RedditBrowser-Info.plist */ = {isa = PBXFileReference; fileEncoding = 4; lastKnownFileType = text.plist.xml; path = "RedditBrowser-Info.plist"; sourceTree = "<group>"; };
		24429711193DA20E00207CAF /* RedditBrowserTests-Info.plist */ = {isa = PBXFileReference; fileEncoding = 4; lastKnownFileType = text.plist.xml; path = "RedditBrowserTests-Info.plist"; sourceTree = "<group>"; };
		24429714193DA20E00207CAF /* en */ = {isa = PBXFileReference; lastKnownFileType = text.plist.strings; name = en; path = en.lproj/InfoPlist.strings; sourceTree = "<group>"; };
		24429716193DA20E00207CAF /* en */ = {isa = PBXFileReference; lastKnownFileType = text.plist.strings; name = en; path = "en.lproj/RedditBrowserTests-InfoPlist.strings"; sourceTree = "<group>"; };
		24429719193DA20E00207CAF /* RBAppDelegate.h */ = {isa = PBXFileReference; fileEncoding = 4; lastKnownFileType = sourcecode.c.h; path = RBAppDelegate.h; sourceTree = "<group>"; };
		2442971A193DA20E00207CAF /* RBAppDelegate.m */ = {isa = PBXFileReference; fileEncoding = 4; lastKnownFileType = sourcecode.c.objc; path = RBAppDelegate.m; sourceTree = "<group>"; };
		2442971B193DA20E00207CAF /* RedditBrowser-Prefix.pch */ = {isa = PBXFileReference; fileEncoding = 4; lastKnownFileType = sourcecode.c.h; path = "RedditBrowser-Prefix.pch"; sourceTree = "<group>"; };
		2442971C193DA20E00207CAF /* main.m */ = {isa = PBXFileReference; fileEncoding = 4; lastKnownFileType = sourcecode.c.objc; path = main.m; sourceTree = "<group>"; };
		24429725193DA22A00207CAF /* Images.xcassets */ = {isa = PBXFileReference; lastKnownFileType = folder.assetcatalog; path = Images.xcassets; sourceTree = "<group>"; };
		244D5A4919416DF400DD151E /* RBNetworkService.h */ = {isa = PBXFileReference; fileEncoding = 4; lastKnownFileType = sourcecode.c.h; path = RBNetworkService.h; sourceTree = "<group>"; };
		244D5A4A19416DF400DD151E /* RBNetworkService.m */ = {isa = PBXFileReference; fileEncoding = 4; lastKnownFileType = sourcecode.c.objc; path = RBNetworkService.m; sourceTree = "<group>"; };
		244D5A4D19416DF400DD151E /* RBSubredditModel.h */ = {isa = PBXFileReference; fileEncoding = 4; lastKnownFileType = sourcecode.c.h; path = RBSubredditModel.h; sourceTree = "<group>"; };
		244D5A4E19416DF400DD151E /* RBSubredditModel.m */ = {isa = PBXFileReference; fileEncoding = 4; lastKnownFileType = sourcecode.c.objc; path = RBSubredditModel.m; sourceTree = "<group>"; };
		244D5A4F19416DF400DD151E /* RBSubredditModelTests.m */ = {isa = PBXFileReference; fileEncoding = 4; lastKnownFileType = sourcecode.c.objc; path = RBSubredditModelTests.m; sourceTree = "<group>"; };
		244D5A5019416DF400DD151E /* RBSubredditRouter.h */ = {isa = PBXFileReference; fileEncoding = 4; lastKnownFileType = sourcecode.c.h; path = RBSubredditRouter.h; sourceTree = "<group>"; };
		244D5A5119416DF400DD151E /* RBSubredditRouter.m */ = {isa = PBXFileReference; fileEncoding = 4; lastKnownFileType = sourcecode.c.objc; path = RBSubredditRouter.m; sourceTree = "<group>"; };
		244D5A5219416DF400DD151E /* RBSubredditRouterTests.m */ = {isa = PBXFileReference; fileEncoding = 4; lastKnownFileType = sourcecode.c.objc; path = RBSubredditRouterTests.m; sourceTree = "<group>"; };
		244D5A5319416DF400DD151E /* RBSubredditTableViewCell.h */ = {isa = PBXFileReference; fileEncoding = 4; lastKnownFileType = sourcecode.c.h; path = RBSubredditTableViewCell.h; sourceTree = "<group>"; };
		244D5A5419416DF400DD151E /* RBSubredditTableViewCell.m */ = {isa = PBXFileReference; fileEncoding = 4; lastKnownFileType = sourcecode.c.objc; path = RBSubredditTableViewCell.m; sourceTree = "<group>"; };
		244D5A5519416DF400DD151E /* RBSubredditView.h */ = {isa = PBXFileReference; fileEncoding = 4; lastKnownFileType = sourcecode.c.h; path = RBSubredditView.h; sourceTree = "<group>"; };
		244D5A5619416DF400DD151E /* RBSubredditView.m */ = {isa = PBXFileReference; fileEncoding = 4; lastKnownFileType = sourcecode.c.objc; path = RBSubredditView.m; sourceTree = "<group>"; };
		244D5A5719416DF400DD151E /* RBSubredditViewController.h */ = {isa = PBXFileReference; fileEncoding = 4; lastKnownFileType = sourcecode.c.h; path = RBSubredditViewController.h; sourceTree = "<group>"; };
		244D5A5819416DF400DD151E /* RBSubredditViewController.m */ = {isa = PBXFileReference; fileEncoding = 4; lastKnownFileType = sourcecode.c.objc; path = RBSubredditViewController.m; sourceTree = "<group>"; };
		244D5A6319416E5400DD151E /* RBNetworkServiceTests.m */ = {isa = PBXFileReference; fileEncoding = 4; lastKnownFileType = sourcecode.c.objc; path = RBNetworkServiceTests.m; sourceTree = "<group>"; };
		244D5A6A1941FF6D00DD151E /* ASYMacros.h */ = {isa = PBXFileReference; fileEncoding = 4; lastKnownFileType = sourcecode.c.h; path = ASYMacros.h; sourceTree = "<group>"; };
		244D5A6B1941FF6D00DD151E /* ASYMacros.m */ = {isa = PBXFileReference; fileEncoding = 4; lastKnownFileType = sourcecode.c.objc; path = ASYMacros.m; sourceTree = "<group>"; };
		244D5A6C1941FF6D00DD151E /* ASYTesting-Prefix.pch */ = {isa = PBXFileReference; fileEncoding = 4; lastKnownFileType = sourcecode.c.h; path = "ASYTesting-Prefix.pch"; sourceTree = "<group>"; };
		244D5A6D1941FF6D00DD151E /* ASYTesting.h */ = {isa = PBXFileReference; fileEncoding = 4; lastKnownFileType = sourcecode.c.h; path = ASYTesting.h; sourceTree = "<group>"; };
		244D5A6E1941FF6D00DD151E /* XCTestCase+ASYAsynchronousTesting.h */ = {isa = PBXFileReference; fileEncoding = 4; lastKnownFileType = sourcecode.c.h; path = "XCTestCase+ASYAsynchronousTesting.h"; sourceTree = "<group>"; };
		244D5A6F1941FF6D00DD151E /* XCTestCase+ASYAsynchronousTesting.m */ = {isa = PBXFileReference; fileEncoding = 4; lastKnownFileType = sourcecode.c.objc; path = "XCTestCase+ASYAsynchronousTesting.m"; sourceTree = "<group>"; };
		24A50FB2194562CD00F148EE /* RedditBrowserDataModel.xcdatamodel */ = {isa = PBXFileReference; lastKnownFileType = wrapper.xcdatamodel; path = RedditBrowserDataModel.xcdatamodel; sourceTree = "<group>"; };
		24A50FB4194562DA00F148EE /* RedditBrowserDataModel-01.xcdatamodel */ = {isa = PBXFileReference; lastKnownFileType = wrapper.xcdatamodel; path = "RedditBrowserDataModel-01.xcdatamodel"; sourceTree = "<group>"; };
		24BD45CC1945637700665551 /* RedditItemEntity.h */ = {isa = PBXFileReference; fileEncoding = 4; lastKnownFileType = sourcecode.c.h; path = RedditItemEntity.h; sourceTree = "<group>"; };
		24BD45CD1945637700665551 /* RedditItemEntity.m */ = {isa = PBXFileReference; fileEncoding = 4; lastKnownFileType = sourcecode.c.objc; path = RedditItemEntity.m; sourceTree = "<group>"; };
		24BD45CF1945639100665551 /* RBReditBrowserEntities.h */ = {isa = PBXFileReference; lastKnownFileType = sourcecode.c.h; path = RBReditBrowserEntities.h; sourceTree = "<group>"; };
		24C42C7E193DC9C30082BD27 /* en */ = {isa = PBXFileReference; lastKnownFileType = text.plist.strings; name = en; path = en.lproj/Localizable.strings; sourceTree = "<group>"; };
		24DA44BE193E967D00EFE6BC /* RedditBrowserTests-Prefix.pch */ = {isa = PBXFileReference; lastKnownFileType = sourcecode.c.h; path = "RedditBrowserTests-Prefix.pch"; sourceTree = "<group>"; };
		32DAB1ADBDE54143940025E4 /* Pods-RedditBrowserTests.xcconfig */ = {isa = PBXFileReference; includeInIndex = 1; lastKnownFileType = text.xcconfig; name = "Pods-RedditBrowserTests.xcconfig"; path = "Pods/Pods-RedditBrowserTests.xcconfig"; sourceTree = "<group>"; };
		5D32DE1D973E4DB3B00124E4 /* Pods.xcconfig */ = {isa = PBXFileReference; includeInIndex = 1; lastKnownFileType = text.xcconfig; name = Pods.xcconfig; path = Pods/Pods.xcconfig; sourceTree = "<group>"; };
		D1E8E49EA977433B9132FDD5 /* libPods-RedditBrowserTests.a */ = {isa = PBXFileReference; explicitFileType = archive.ar; includeInIndex = 0; path = "libPods-RedditBrowserTests.a"; sourceTree = BUILT_PRODUCTS_DIR; };
		D56D34C235B040C5B09B2F34 /* libPods.a */ = {isa = PBXFileReference; explicitFileType = archive.ar; includeInIndex = 0; path = libPods.a; sourceTree = BUILT_PRODUCTS_DIR; };
/* End PBXFileReference section */

/* Begin PBXFrameworksBuildPhase section */
		244296D8193DA18000207CAF /* Frameworks */ = {
			isa = PBXFrameworksBuildPhase;
			buildActionMask = 2147483647;
			files = (
				244296E1193DA18000207CAF /* CoreGraphics.framework in Frameworks */,
				244296E3193DA18000207CAF /* UIKit.framework in Frameworks */,
				244296DF193DA18000207CAF /* Foundation.framework in Frameworks */,
				6E3416FEE40B4455B09BB618 /* libPods.a in Frameworks */,
			);
			runOnlyForDeploymentPostprocessing = 0;
		};
		244296F3193DA18000207CAF /* Frameworks */ = {
			isa = PBXFrameworksBuildPhase;
			buildActionMask = 2147483647;
			files = (
				244296F8193DA18000207CAF /* XCTest.framework in Frameworks */,
				244296FA193DA18000207CAF /* UIKit.framework in Frameworks */,
				244296F9193DA18000207CAF /* Foundation.framework in Frameworks */,
				48781F28E5D24BFB9D7A1311 /* libPods-RedditBrowserTests.a in Frameworks */,
			);
			runOnlyForDeploymentPostprocessing = 0;
		};
/* End PBXFrameworksBuildPhase section */

/* Begin PBXGroup section */
		240ED4171942FBD000A8E300 /* Managers */ = {
			isa = PBXGroup;
			children = (
				240ED4181942FC9E00A8E300 /* RBRedditFeedManager.h */,
				240ED4191942FC9E00A8E300 /* RBRedditFeedManager.m */,
				240ED41B1942FD1400A8E300 /* RBRedditFeedManagerTests.m */,
			);
			path = Managers;
			sourceTree = "<group>";
		};
		240ED41E1944007E00A8E300 /* Persistence */ = {
			isa = PBXGroup;
			children = (
				24A50FAF1945629800F148EE /* Entities */,
				240ED41F194400B000A8E300 /* RBPersistenceService.h */,
				240ED420194400B000A8E300 /* RBPersistenceService.m */,
				240ED422194400C300A8E300 /* RBDataServiceTests.m */,
			);
			path = Persistence;
			sourceTree = "<group>";
		};
		240ED4261944161200A8E300 /* Model */ = {
			isa = PBXGroup;
			children = (
				240ED4271944163500A8E300 /* RBRedditItem.h */,
				240ED4281944163500A8E300 /* RBRedditItem.m */,
				240ED42A19441A2700A8E300 /* RBRedditItemTests.m */,
			);
			path = Model;
			sourceTree = "<group>";
		};
		244296D2193DA18000207CAF = {
			isa = PBXGroup;
			children = (
				244D5A681941FF6D00DD151E /* External */,
				24429717193DA20E00207CAF /* Source */,
				2442970D193DA20E00207CAF /* Resources */,
				244296DD193DA18000207CAF /* Frameworks */,
				244296DC193DA18000207CAF /* Products */,
				5D32DE1D973E4DB3B00124E4 /* Pods.xcconfig */,
				32DAB1ADBDE54143940025E4 /* Pods-RedditBrowserTests.xcconfig */,
			);
			sourceTree = "<group>";
		};
		244296DC193DA18000207CAF /* Products */ = {
			isa = PBXGroup;
			children = (
				244296DB193DA18000207CAF /* RedditBrowser.app */,
				244296F6193DA18000207CAF /* RedditBrowserTests.xctest */,
			);
			name = Products;
			sourceTree = "<group>";
		};
		244296DD193DA18000207CAF /* Frameworks */ = {
			isa = PBXGroup;
			children = (
				244296DE193DA18000207CAF /* Foundation.framework */,
				244296E0193DA18000207CAF /* CoreGraphics.framework */,
				244296E2193DA18000207CAF /* UIKit.framework */,
				244296F7193DA18000207CAF /* XCTest.framework */,
				D56D34C235B040C5B09B2F34 /* libPods.a */,
				D1E8E49EA977433B9132FDD5 /* libPods-RedditBrowserTests.a */,
			);
			name = Frameworks;
			sourceTree = "<group>";
		};
		2442970D193DA20E00207CAF /* Resources */ = {
			isa = PBXGroup;
			children = (
				24A50FB0194562AA00F148EE /* Database */,
				244D5A651941783A00DD151E /* JSON */,
				24429724193DA22A00207CAF /* Images */,
				2442970F193DA20E00207CAF /* Plists */,
				24429712193DA20E00207CAF /* Strings */,
			);
			path = Resources;
			sourceTree = "<group>";
		};
		2442970F193DA20E00207CAF /* Plists */ = {
			isa = PBXGroup;
			children = (
				24429710193DA20E00207CAF /* RedditBrowser-Info.plist */,
				24429711193DA20E00207CAF /* RedditBrowserTests-Info.plist */,
			);
			path = Plists;
			sourceTree = "<group>";
		};
		24429712193DA20E00207CAF /* Strings */ = {
			isa = PBXGroup;
			children = (
				24429713193DA20E00207CAF /* InfoPlist.strings */,
				24429715193DA20E00207CAF /* RedditBrowserTests-InfoPlist.strings */,
				24C42C7D193DC9C30082BD27 /* Localizable.strings */,
			);
			path = Strings;
			sourceTree = "<group>";
		};
		24429717193DA20E00207CAF /* Source */ = {
			isa = PBXGroup;
			children = (
				240ED4261944161200A8E300 /* Model */,
				240ED4171942FBD000A8E300 /* Managers */,
				244D5A4B19416DF400DD151E /* UI */,
				244D5A4719416DF400DD151E /* Services */,
				24429718193DA20E00207CAF /* Startup */,
			);
			path = Source;
			sourceTree = "<group>";
		};
		24429718193DA20E00207CAF /* Startup */ = {
			isa = PBXGroup;
			children = (
				2442971C193DA20E00207CAF /* main.m */,
				24429719193DA20E00207CAF /* RBAppDelegate.h */,
				2442971A193DA20E00207CAF /* RBAppDelegate.m */,
				2442971B193DA20E00207CAF /* RedditBrowser-Prefix.pch */,
				24DA44BE193E967D00EFE6BC /* RedditBrowserTests-Prefix.pch */,
			);
			path = Startup;
			sourceTree = "<group>";
		};
		24429724193DA22A00207CAF /* Images */ = {
			isa = PBXGroup;
			children = (
				24429725193DA22A00207CAF /* Images.xcassets */,
			);
			path = Images;
			sourceTree = "<group>";
		};
		244D5A4719416DF400DD151E /* Services */ = {
			isa = PBXGroup;
			children = (
				240ED41E1944007E00A8E300 /* Persistence */,
				244D5A4819416DF400DD151E /* Network */,
			);
			path = Services;
			sourceTree = "<group>";
		};
		244D5A4819416DF400DD151E /* Network */ = {
			isa = PBXGroup;
			children = (
				244D5A4919416DF400DD151E /* RBNetworkService.h */,
				244D5A4A19416DF400DD151E /* RBNetworkService.m */,
				244D5A6319416E5400DD151E /* RBNetworkServiceTests.m */,
				240ED4091942EC0900A8E300 /* RBURLValidator.h */,
				240ED40A1942EC0900A8E300 /* RBURLValidator.m */,
				240ED40C1942ECE000A8E300 /* RBURLValidatorTests.m */,
			);
			path = Network;
			sourceTree = "<group>";
		};
		244D5A4B19416DF400DD151E /* UI */ = {
			isa = PBXGroup;
			children = (
				244D5A4C19416DF400DD151E /* Subreddit */,
			);
			path = UI;
			sourceTree = "<group>";
		};
		244D5A4C19416DF400DD151E /* Subreddit */ = {
			isa = PBXGroup;
			children = (
				244D5A4D19416DF400DD151E /* RBSubredditModel.h */,
				244D5A4E19416DF400DD151E /* RBSubredditModel.m */,
				244D5A4F19416DF400DD151E /* RBSubredditModelTests.m */,
				244D5A5019416DF400DD151E /* RBSubredditRouter.h */,
				244D5A5119416DF400DD151E /* RBSubredditRouter.m */,
				244D5A5219416DF400DD151E /* RBSubredditRouterTests.m */,
				244D5A5319416DF400DD151E /* RBSubredditTableViewCell.h */,
				244D5A5419416DF400DD151E /* RBSubredditTableViewCell.m */,
				244D5A5519416DF400DD151E /* RBSubredditView.h */,
				244D5A5619416DF400DD151E /* RBSubredditView.m */,
				244D5A5719416DF400DD151E /* RBSubredditViewController.h */,
				244D5A5819416DF400DD151E /* RBSubredditViewController.m */,
			);
			path = Subreddit;
			sourceTree = "<group>";
		};
		244D5A651941783A00DD151E /* JSON */ = {
			isa = PBXGroup;
			children = (
				240ED4241944155300A8E300 /* ListenToThis.json */,
			);
			path = JSON;
			sourceTree = "<group>";
		};
		244D5A681941FF6D00DD151E /* External */ = {
			isa = PBXGroup;
			children = (
				244D5A691941FF6D00DD151E /* ASYTesting */,
			);
			path = External;
			sourceTree = "<group>";
		};
		244D5A691941FF6D00DD151E /* ASYTesting */ = {
			isa = PBXGroup;
			children = (
				244D5A6A1941FF6D00DD151E /* ASYMacros.h */,
				244D5A6B1941FF6D00DD151E /* ASYMacros.m */,
				244D5A6C1941FF6D00DD151E /* ASYTesting-Prefix.pch */,
				244D5A6D1941FF6D00DD151E /* ASYTesting.h */,
				244D5A6E1941FF6D00DD151E /* XCTestCase+ASYAsynchronousTesting.h */,
				244D5A6F1941FF6D00DD151E /* XCTestCase+ASYAsynchronousTesting.m */,
			);
			path = ASYTesting;
			sourceTree = "<group>";
		};
		24A50FAF1945629800F148EE /* Entities */ = {
			isa = PBXGroup;
			children = (
				24BD45CC1945637700665551 /* RedditItemEntity.h */,
				24BD45CD1945637700665551 /* RedditItemEntity.m */,
				24BD45CF1945639100665551 /* RBReditBrowserEntities.h */,
			);
			path = Entities;
			sourceTree = "<group>";
		};
		24A50FB0194562AA00F148EE /* Database */ = {
			isa = PBXGroup;
			children = (
				24A50FB1194562CD00F148EE /* RedditBrowserDataModel.xcdatamodeld */,
			);
			path = Database;
			sourceTree = "<group>";
		};
/* End PBXGroup section */

/* Begin PBXNativeTarget section */
		244296DA193DA18000207CAF /* RedditBrowser */ = {
			isa = PBXNativeTarget;
			buildConfigurationList = 24429707193DA18000207CAF /* Build configuration list for PBXNativeTarget "RedditBrowser" */;
			buildPhases = (
				8E01D1B753554D3DAEE54AD9 /* Check Pods Manifest.lock */,
				244296D7193DA18000207CAF /* Sources */,
				244296D8193DA18000207CAF /* Frameworks */,
				244296D9193DA18000207CAF /* Resources */,
				893CB090A9984F039F028963 /* Copy Pods Resources */,
			);
			buildRules = (
			);
			dependencies = (
			);
			name = RedditBrowser;
			productName = RedditBrowser;
			productReference = 244296DB193DA18000207CAF /* RedditBrowser.app */;
			productType = "com.apple.product-type.application";
		};
		244296F5193DA18000207CAF /* RedditBrowserTests */ = {
			isa = PBXNativeTarget;
			buildConfigurationList = 2442970A193DA18000207CAF /* Build configuration list for PBXNativeTarget "RedditBrowserTests" */;
			buildPhases = (
				EC13418E518C4C65B9C6F720 /* Check Pods Manifest.lock */,
				244296F2193DA18000207CAF /* Sources */,
				244296F3193DA18000207CAF /* Frameworks */,
				244296F4193DA18000207CAF /* Resources */,
				D1462C9C262B4016A2F906F3 /* Copy Pods Resources */,
			);
			buildRules = (
			);
			dependencies = (
				244296FC193DA18000207CAF /* PBXTargetDependency */,
			);
			name = RedditBrowserTests;
			productName = RedditBrowserTests;
			productReference = 244296F6193DA18000207CAF /* RedditBrowserTests.xctest */;
			productType = "com.apple.product-type.bundle.unit-test";
		};
/* End PBXNativeTarget section */

/* Begin PBXProject section */
		244296D3193DA18000207CAF /* Project object */ = {
			isa = PBXProject;
			attributes = {
				CLASSPREFIX = RB;
				LastUpgradeCheck = 0510;
				ORGANIZATIONNAME = "Effective Programming";
				TargetAttributes = {
					244296F5193DA18000207CAF = {
						TestTargetID = 244296DA193DA18000207CAF;
					};
				};
			};
			buildConfigurationList = 244296D6193DA18000207CAF /* Build configuration list for PBXProject "RedditBrowser" */;
			compatibilityVersion = "Xcode 3.2";
			developmentRegion = English;
			hasScannedForEncodings = 0;
			knownRegions = (
				en,
			);
			mainGroup = 244296D2193DA18000207CAF;
			productRefGroup = 244296DC193DA18000207CAF /* Products */;
			projectDirPath = "";
			projectRoot = "";
			targets = (
				244296DA193DA18000207CAF /* RedditBrowser */,
				244296F5193DA18000207CAF /* RedditBrowserTests */,
			);
		};
/* End PBXProject section */

/* Begin PBXResourcesBuildPhase section */
		244296D9193DA18000207CAF /* Resources */ = {
			isa = PBXResourcesBuildPhase;
			buildActionMask = 2147483647;
			files = (
				24429720193DA20E00207CAF /* InfoPlist.strings in Resources */,
				24C42C7F193DC9C30082BD27 /* Localizable.strings in Resources */,
				240ED4251944155300A8E300 /* ListenToThis.json in Resources */,
				24429726193DA22A00207CAF /* Images.xcassets in Resources */,
				24429721193DA20E00207CAF /* RedditBrowserTests-InfoPlist.strings in Resources */,
			);
			runOnlyForDeploymentPostprocessing = 0;
		};
		244296F4193DA18000207CAF /* Resources */ = {
			isa = PBXResourcesBuildPhase;
			buildActionMask = 2147483647;
			files = (
			);
			runOnlyForDeploymentPostprocessing = 0;
		};
/* End PBXResourcesBuildPhase section */

/* Begin PBXShellScriptBuildPhase section */
		893CB090A9984F039F028963 /* Copy Pods Resources */ = {
			isa = PBXShellScriptBuildPhase;
			buildActionMask = 2147483647;
			files = (
			);
			inputPaths = (
			);
			name = "Copy Pods Resources";
			outputPaths = (
			);
			runOnlyForDeploymentPostprocessing = 0;
			shellPath = /bin/sh;
			shellScript = "\"${SRCROOT}/Pods/Pods-resources.sh\"\n";
			showEnvVarsInLog = 0;
		};
		8E01D1B753554D3DAEE54AD9 /* Check Pods Manifest.lock */ = {
			isa = PBXShellScriptBuildPhase;
			buildActionMask = 2147483647;
			files = (
			);
			inputPaths = (
			);
			name = "Check Pods Manifest.lock";
			outputPaths = (
			);
			runOnlyForDeploymentPostprocessing = 0;
			shellPath = /bin/sh;
			shellScript = "diff \"${PODS_ROOT}/../Podfile.lock\" \"${PODS_ROOT}/Manifest.lock\" > /dev/null\nif [[ $? != 0 ]] ; then\n    cat << EOM\nerror: The sandbox is not in sync with the Podfile.lock. Run 'pod install' or update your CocoaPods installation.\nEOM\n    exit 1\nfi\n";
			showEnvVarsInLog = 0;
		};
		D1462C9C262B4016A2F906F3 /* Copy Pods Resources */ = {
			isa = PBXShellScriptBuildPhase;
			buildActionMask = 2147483647;
			files = (
			);
			inputPaths = (
			);
			name = "Copy Pods Resources";
			outputPaths = (
			);
			runOnlyForDeploymentPostprocessing = 0;
			shellPath = /bin/sh;
			shellScript = "\"${SRCROOT}/Pods/Pods-RedditBrowserTests-resources.sh\"\n";
			showEnvVarsInLog = 0;
		};
		EC13418E518C4C65B9C6F720 /* Check Pods Manifest.lock */ = {
			isa = PBXShellScriptBuildPhase;
			buildActionMask = 2147483647;
			files = (
			);
			inputPaths = (
			);
			name = "Check Pods Manifest.lock";
			outputPaths = (
			);
			runOnlyForDeploymentPostprocessing = 0;
			shellPath = /bin/sh;
			shellScript = "diff \"${PODS_ROOT}/../Podfile.lock\" \"${PODS_ROOT}/Manifest.lock\" > /dev/null\nif [[ $? != 0 ]] ; then\n    cat << EOM\nerror: The sandbox is not in sync with the Podfile.lock. Run 'pod install' or update your CocoaPods installation.\nEOM\n    exit 1\nfi\n";
			showEnvVarsInLog = 0;
		};
/* End PBXShellScriptBuildPhase section */

/* Begin PBXSourcesBuildPhase section */
		244296D7193DA18000207CAF /* Sources */ = {
			isa = PBXSourcesBuildPhase;
			buildActionMask = 2147483647;
			files = (
				244D5A5A19416DF400DD151E /* RBSubredditModel.m in Sources */,
				240ED40B1942EC0900A8E300 /* RBURLValidator.m in Sources */,
				244D5A5919416DF400DD151E /* RBNetworkService.m in Sources */,
				240ED421194400B000A8E300 /* RBPersistenceService.m in Sources */,
				244D5A5E19416DF400DD151E /* RBSubredditTableViewCell.m in Sources */,
				240ED4291944163500A8E300 /* RBRedditItem.m in Sources */,
				24429723193DA20E00207CAF /* main.m in Sources */,
				244D5A5F19416DF400DD151E /* RBSubredditView.m in Sources */,
				24A50FB3194562CD00F148EE /* RedditBrowserDataModel.xcdatamodeld in Sources */,
				24BD45CE1945637700665551 /* RedditItemEntity.m in Sources */,
				244D5A5C19416DF400DD151E /* RBSubredditRouter.m in Sources */,
				244D5A6019416DF400DD151E /* RBSubredditViewController.m in Sources */,
				24429722193DA20E00207CAF /* RBAppDelegate.m in Sources */,
				240ED41A1942FC9E00A8E300 /* RBRedditFeedManager.m in Sources */,
			);
			runOnlyForDeploymentPostprocessing = 0;
		};
		244296F2193DA18000207CAF /* Sources */ = {
			isa = PBXSourcesBuildPhase;
			buildActionMask = 2147483647;
			files = (
				244D5A6119416DFD00DD151E /* RBSubredditModelTests.m in Sources */,
				240ED423194400C300A8E300 /* RBDataServiceTests.m in Sources */,
				240ED42B19441A2700A8E300 /* RBRedditItemTests.m in Sources */,
				244D5A731941FF7700DD151E /* ASYMacros.m in Sources */,
				244D5A6419416E5400DD151E /* RBNetworkServiceTests.m in Sources */,
				244D5A6219416E0000DD151E /* RBSubredditRouterTests.m in Sources */,
				240ED40D1942ECE000A8E300 /* RBURLValidatorTests.m in Sources */,
				240ED41D1942FD1C00A8E300 /* RBRedditFeedManagerTests.m in Sources */,
				244D5A721941FF7100DD151E /* XCTestCase+ASYAsynchronousTesting.m in Sources */,
			);
			runOnlyForDeploymentPostprocessing = 0;
		};
/* End PBXSourcesBuildPhase section */

/* Begin PBXTargetDependency section */
		244296FC193DA18000207CAF /* PBXTargetDependency */ = {
			isa = PBXTargetDependency;
			target = 244296DA193DA18000207CAF /* RedditBrowser */;
			targetProxy = 244296FB193DA18000207CAF /* PBXContainerItemProxy */;
		};
/* End PBXTargetDependency section */

/* Begin PBXVariantGroup section */
		24429713193DA20E00207CAF /* InfoPlist.strings */ = {
			isa = PBXVariantGroup;
			children = (
				24429714193DA20E00207CAF /* en */,
			);
			name = InfoPlist.strings;
			sourceTree = "<group>";
		};
		24429715193DA20E00207CAF /* RedditBrowserTests-InfoPlist.strings */ = {
			isa = PBXVariantGroup;
			children = (
				24429716193DA20E00207CAF /* en */,
			);
			name = "RedditBrowserTests-InfoPlist.strings";
			sourceTree = "<group>";
		};
		24C42C7D193DC9C30082BD27 /* Localizable.strings */ = {
			isa = PBXVariantGroup;
			children = (
				24C42C7E193DC9C30082BD27 /* en */,
			);
			name = Localizable.strings;
			sourceTree = "<group>";
		};
/* End PBXVariantGroup section */

/* Begin XCBuildConfiguration section */
		24429705193DA18000207CAF /* Debug */ = {
			isa = XCBuildConfiguration;
			buildSettings = {
				ALWAYS_SEARCH_USER_PATHS = NO;
				CLANG_CXX_LANGUAGE_STANDARD = "gnu++0x";
				CLANG_CXX_LIBRARY = "libc++";
				CLANG_ENABLE_MODULES = YES;
				CLANG_ENABLE_OBJC_ARC = YES;
				CLANG_WARN_BOOL_CONVERSION = YES;
				CLANG_WARN_CONSTANT_CONVERSION = YES;
				CLANG_WARN_DIRECT_OBJC_ISA_USAGE = YES_ERROR;
				CLANG_WARN_EMPTY_BODY = YES;
				CLANG_WARN_ENUM_CONVERSION = YES;
				CLANG_WARN_INT_CONVERSION = YES;
				CLANG_WARN_OBJC_ROOT_CLASS = YES_ERROR;
				CLANG_WARN__DUPLICATE_METHOD_MATCH = YES;
				"CODE_SIGN_IDENTITY[sdk=iphoneos*]" = "iPhone Developer";
				COPY_PHASE_STRIP = NO;
				GCC_C_LANGUAGE_STANDARD = gnu99;
				GCC_DYNAMIC_NO_PIC = NO;
				GCC_OPTIMIZATION_LEVEL = 0;
				GCC_PREPROCESSOR_DEFINITIONS = (
					"DEBUG=1",
					"$(inherited)",
				);
				GCC_SYMBOLS_PRIVATE_EXTERN = NO;
				GCC_WARN_64_TO_32_BIT_CONVERSION = YES;
				GCC_WARN_ABOUT_RETURN_TYPE = YES_ERROR;
				GCC_WARN_UNDECLARED_SELECTOR = YES;
				GCC_WARN_UNINITIALIZED_AUTOS = YES_AGGRESSIVE;
				GCC_WARN_UNUSED_FUNCTION = YES;
				GCC_WARN_UNUSED_VARIABLE = YES;
				IPHONEOS_DEPLOYMENT_TARGET = 7.1;
				ONLY_ACTIVE_ARCH = YES;
				SDKROOT = iphoneos;
			};
			name = Debug;
		};
		24429706193DA18000207CAF /* Release */ = {
			isa = XCBuildConfiguration;
			buildSettings = {
				ALWAYS_SEARCH_USER_PATHS = NO;
				CLANG_CXX_LANGUAGE_STANDARD = "gnu++0x";
				CLANG_CXX_LIBRARY = "libc++";
				CLANG_ENABLE_MODULES = YES;
				CLANG_ENABLE_OBJC_ARC = YES;
				CLANG_WARN_BOOL_CONVERSION = YES;
				CLANG_WARN_CONSTANT_CONVERSION = YES;
				CLANG_WARN_DIRECT_OBJC_ISA_USAGE = YES_ERROR;
				CLANG_WARN_EMPTY_BODY = YES;
				CLANG_WARN_ENUM_CONVERSION = YES;
				CLANG_WARN_INT_CONVERSION = YES;
				CLANG_WARN_OBJC_ROOT_CLASS = YES_ERROR;
				CLANG_WARN__DUPLICATE_METHOD_MATCH = YES;
				"CODE_SIGN_IDENTITY[sdk=iphoneos*]" = "iPhone Developer";
				COPY_PHASE_STRIP = YES;
				ENABLE_NS_ASSERTIONS = NO;
				GCC_C_LANGUAGE_STANDARD = gnu99;
				GCC_WARN_64_TO_32_BIT_CONVERSION = YES;
				GCC_WARN_ABOUT_RETURN_TYPE = YES_ERROR;
				GCC_WARN_UNDECLARED_SELECTOR = YES;
				GCC_WARN_UNINITIALIZED_AUTOS = YES_AGGRESSIVE;
				GCC_WARN_UNUSED_FUNCTION = YES;
				GCC_WARN_UNUSED_VARIABLE = YES;
				IPHONEOS_DEPLOYMENT_TARGET = 7.1;
				SDKROOT = iphoneos;
				VALIDATE_PRODUCT = YES;
			};
			name = Release;
		};
		24429708193DA18000207CAF /* Debug */ = {
			isa = XCBuildConfiguration;
			baseConfigurationReference = 5D32DE1D973E4DB3B00124E4 /* Pods.xcconfig */;
			buildSettings = {
				ASSETCATALOG_COMPILER_APPICON_NAME = AppIcon;
				ASSETCATALOG_COMPILER_LAUNCHIMAGE_NAME = LaunchImage;
				GCC_PRECOMPILE_PREFIX_HEADER = YES;
				GCC_PREFIX_HEADER = "Source/Startup/RedditBrowser-Prefix.pch";
				INFOPLIST_FILE = "Resources/Plists/RedditBrowser-Info.plist";
				PRODUCT_NAME = "$(TARGET_NAME)";
				WRAPPER_EXTENSION = app;
			};
			name = Debug;
		};
		24429709193DA18000207CAF /* Release */ = {
			isa = XCBuildConfiguration;
			baseConfigurationReference = 5D32DE1D973E4DB3B00124E4 /* Pods.xcconfig */;
			buildSettings = {
				ASSETCATALOG_COMPILER_APPICON_NAME = AppIcon;
				ASSETCATALOG_COMPILER_LAUNCHIMAGE_NAME = LaunchImage;
				GCC_PRECOMPILE_PREFIX_HEADER = YES;
				GCC_PREFIX_HEADER = "Source/Startup/RedditBrowser-Prefix.pch";
				INFOPLIST_FILE = "Resources/Plists/RedditBrowser-Info.plist";
				PRODUCT_NAME = "$(TARGET_NAME)";
				WRAPPER_EXTENSION = app;
			};
			name = Release;
		};
		2442970B193DA18000207CAF /* Debug */ = {
			isa = XCBuildConfiguration;
			baseConfigurationReference = 32DAB1ADBDE54143940025E4 /* Pods-RedditBrowserTests.xcconfig */;
			buildSettings = {
				BUNDLE_LOADER = "$(BUILT_PRODUCTS_DIR)/RedditBrowser.app/RedditBrowser";
				FRAMEWORK_SEARCH_PATHS = (
					"$(SDKROOT)/Developer/Library/Frameworks",
					"$(inherited)",
					"$(DEVELOPER_FRAMEWORKS_DIR)",
				);
				GCC_PRECOMPILE_PREFIX_HEADER = YES;
				GCC_PREFIX_HEADER = "Source/Startup/RedditBrowserTests-Prefix.pch";
				GCC_PREPROCESSOR_DEFINITIONS = (
					"DEBUG=1",
					"$(inherited)",
				);
				INFOPLIST_FILE = "Resources/Plists/RedditBrowserTests-Info.plist";
				PRODUCT_NAME = "$(TARGET_NAME)";
				TEST_HOST = "$(BUNDLE_LOADER)";
				WRAPPER_EXTENSION = xctest;
			};
			name = Debug;
		};
		2442970C193DA18000207CAF /* Release */ = {
			isa = XCBuildConfiguration;
			baseConfigurationReference = 32DAB1ADBDE54143940025E4 /* Pods-RedditBrowserTests.xcconfig */;
			buildSettings = {
				BUNDLE_LOADER = "$(BUILT_PRODUCTS_DIR)/RedditBrowser.app/RedditBrowser";
				FRAMEWORK_SEARCH_PATHS = (
					"$(SDKROOT)/Developer/Library/Frameworks",
					"$(inherited)",
					"$(DEVELOPER_FRAMEWORKS_DIR)",
				);
				GCC_PRECOMPILE_PREFIX_HEADER = YES;
				GCC_PREFIX_HEADER = "Source/Startup/RedditBrowserTests-Prefix.pch";
				INFOPLIST_FILE = "Resources/Plists/RedditBrowserTests-Info.plist";
				PRODUCT_NAME = "$(TARGET_NAME)";
				TEST_HOST = "$(BUNDLE_LOADER)";
				WRAPPER_EXTENSION = xctest;
			};
			name = Release;
		};
/* End XCBuildConfiguration section */

/* Begin XCConfigurationList section */
		244296D6193DA18000207CAF /* Build configuration list for PBXProject "RedditBrowser" */ = {
			isa = XCConfigurationList;
			buildConfigurations = (
				24429705193DA18000207CAF /* Debug */,
				24429706193DA18000207CAF /* Release */,
			);
			defaultConfigurationIsVisible = 0;
			defaultConfigurationName = Release;
		};
		24429707193DA18000207CAF /* Build configuration list for PBXNativeTarget "RedditBrowser" */ = {
			isa = XCConfigurationList;
			buildConfigurations = (
				24429708193DA18000207CAF /* Debug */,
				24429709193DA18000207CAF /* Release */,
			);
			defaultConfigurationIsVisible = 0;
			defaultConfigurationName = Release;
		};
		2442970A193DA18000207CAF /* Build configuration list for PBXNativeTarget "RedditBrowserTests" */ = {
			isa = XCConfigurationList;
			buildConfigurations = (
				2442970B193DA18000207CAF /* Debug */,
				2442970C193DA18000207CAF /* Release */,
			);
			defaultConfigurationIsVisible = 0;
			defaultConfigurationName = Release;
		};
/* End XCConfigurationList section */

/* Begin XCVersionGroup section */
		24A50FB1194562CD00F148EE /* RedditBrowserDataModel.xcdatamodeld */ = {
			isa = XCVersionGroup;
			children = (
				24A50FB4194562DA00F148EE /* RedditBrowserDataModel-01.xcdatamodel */,
				24A50FB2194562CD00F148EE /* RedditBrowserDataModel.xcdatamodel */,
			);
			currentVersion = 24A50FB4194562DA00F148EE /* RedditBrowserDataModel-01.xcdatamodel */;
			path = RedditBrowserDataModel.xcdatamodeld;
			sourceTree = "<group>";
			versionGroupType = wrapper.xcdatamodel;
		};
/* End XCVersionGroup section */
	};
	rootObject = 244296D3193DA18000207CAF /* Project object */;
}
